
Microsoft Visual Studio Solution File, Format Version 12.00
# Visual Studio Version 17
VisualStudioVersion = 17.10.34916.146
MinimumVisualStudioVersion = 10.0.40219.1
Project("{9A19103F-16F7-4668-BE54-9A1E7A4F7556}") = "PTANonCrown", "PTANonCrown\PTANonCrown.csproj", "{BE288964-5112-43BA-A51C-83E6A1FF5B1F}"
EndProject
Project("{9A19103F-16F7-4668-BE54-9A1E7A4F7556}") = "PTANonCrown.Data", "PTANonCrown.Data\PTANonCrown.Data.csproj", "{11029497-017E-46CF-A331-67ADE7A1606A}"
EndProject
Project("{2150E333-8FDC-42A3-9474-1A3956D46DE8}") = "Solution Items", "Solution Items", "{740D46FD-06C2-4AA1-AE93-85EC6EDA6E22}"
	ProjectSection(SolutionItems) = preProject
		global.json = global.json
		Readme.md = Readme.md
	EndProjectSection
EndProject
Global
	GlobalSection(SolutionConfigurationPlatforms) = preSolution
		Debug|Any CPU = Debug|Any CPU
		Debug|x64 = Debug|x64
		Debug|x86 = Debug|x86
		Release|Any CPU = Release|Any CPU
		Release|x64 = Release|x64
		Release|x86 = Release|x86
	EndGlobalSection
	GlobalSection(ProjectConfigurationPlatforms) = postSolution
		{BE288964-5112-43BA-A51C-83E6A1FF5B1F}.Debug|Any CPU.ActiveCfg = Debug|Any CPU
		{BE288964-5112-43BA-A51C-83E6A1FF5B1F}.Debug|Any CPU.Build.0 = Debug|Any CPU
		{BE288964-5112-43BA-A51C-83E6A1FF5B1F}.Debug|Any CPU.Deploy.0 = Debug|Any CPU
		{BE288964-5112-43BA-A51C-83E6A1FF5B1F}.Debug|x64.ActiveCfg = Debug|x64
		{BE288964-5112-43BA-A51C-83E6A1FF5B1F}.Debug|x64.Build.0 = Debug|x64
		{BE288964-5112-43BA-A51C-83E6A1FF5B1F}.Debug|x64.Deploy.0 = Debug|x64
		{BE288964-5112-43BA-A51C-83E6A1FF5B1F}.Debug|x86.ActiveCfg = Debug|x64
		{BE288964-5112-43BA-A51C-83E6A1FF5B1F}.Debug|x86.Build.0 = Debug|x64
		{BE288964-5112-43BA-A51C-83E6A1FF5B1F}.Debug|x86.Deploy.0 = Debug|x64
		{BE288964-5112-43BA-A51C-83E6A1FF5B1F}.Release|Any CPU.ActiveCfg = Release|Any CPU
		{BE288964-5112-43BA-A51C-83E6A1FF5B1F}.Release|Any CPU.Build.0 = Release|Any CPU
		{BE288964-5112-43BA-A51C-83E6A1FF5B1F}.Release|Any CPU.Deploy.0 = Release|Any CPU
		{BE288964-5112-43BA-A51C-83E6A1FF5B1F}.Release|x64.ActiveCfg = Release|x64
		{BE288964-5112-43BA-A51C-83E6A1FF5B1F}.Release|x64.Build.0 = Release|x64
		{BE288964-5112-43BA-A51C-83E6A1FF5B1F}.Release|x64.Deploy.0 = Release|x64
		{BE288964-5112-43BA-A51C-83E6A1FF5B1F}.Release|x86.ActiveCfg = Release|x64
		{BE288964-5112-43BA-A51C-83E6A1FF5B1F}.Release|x86.Build.0 = Release|x64
		{BE288964-5112-43BA-A51C-83E6A1FF5B1F}.Release|x86.Deploy.0 = Release|x64
		{11029497-017E-46CF-A331-67ADE7A1606A}.Debug|Any CPU.ActiveCfg = Debug|Any CPU
		{11029497-017E-46CF-A331-67ADE7A1606A}.Debug|Any CPU.Build.0 = Debug|Any CPU
		{11029497-017E-46CF-A331-67ADE7A1606A}.Debug|x64.ActiveCfg = Debug|x64
		{11029497-017E-46CF-A331-67ADE7A1606A}.Debug|x64.Build.0 = Debug|x64
		{11029497-017E-46CF-A331-67ADE7A1606A}.Debug|x86.ActiveCfg = Debug|x64
		{11029497-017E-46CF-A331-67ADE7A1606A}.Debug|x86.Build.0 = Debug|x64
		{11029497-017E-46CF-A331-67ADE7A1606A}.Release|Any CPU.ActiveCfg = Release|Any CPU
		{11029497-017E-46CF-A331-67ADE7A1606A}.Release|Any CPU.Build.0 = Release|Any CPU
		{11029497-017E-46CF-A331-67ADE7A1606A}.Release|x64.ActiveCfg = Release|x64
		{11029497-017E-46CF-A331-67ADE7A1606A}.Release|x64.Build.0 = Release|x64
		{11029497-017E-46CF-A331-67ADE7A1606A}.Release|x86.ActiveCfg = Release|x64
		{11029497-017E-46CF-A331-67ADE7A1606A}.Release|x86.Build.0 = Release|x64
	EndGlobalSection
	GlobalSection(SolutionProperties) = preSolution
		HideSolutionNode = FALSE
	EndGlobalSection
	GlobalSection(ExtensibilityGlobals) = postSolution
		SolutionGuid = {20A3BDFB-EBE0-4647-8CF6-6EF17083D7FA}
	EndGlobalSection
EndGlobal
